
Microsoft Visual Studio Solution File, Format Version 12.00
# Visual Studio 15
VisualStudioVersion = 15.0.27703.2035
MinimumVisualStudioVersion = 10.0.40219.1
Project("{FAE04EC0-301F-11D3-BF4B-00C04F79EFBC}") = "CurriculumV", "CurriculumV\CurriculumV.csproj", "{AECD364B-8A8C-4D0A-8F7D-95107ABAA1EC}"
EndProject
Global
	GlobalSection(SolutionConfigurationPlatforms) = preSolution
		Debug|Any CPU = Debug|Any CPU
		Release|Any CPU = Release|Any CPU
	EndGlobalSection
	GlobalSection(ProjectConfigurationPlatforms) = postSolution
		{AECD364B-8A8C-4D0A-8F7D-95107ABAA1EC}.Debug|Any CPU.ActiveCfg = Debug|Any CPU
		{AECD364B-8A8C-4D0A-8F7D-95107ABAA1EC}.Debug|Any CPU.Build.0 = Debug|Any CPU
		{AECD364B-8A8C-4D0A-8F7D-95107ABAA1EC}.Release|Any CPU.ActiveCfg = Release|Any CPU
		{AECD364B-8A8C-4D0A-8F7D-95107ABAA1EC}.Release|Any CPU.Build.0 = Release|Any CPU
	EndGlobalSection
	GlobalSection(SolutionProperties) = preSolution
		HideSolutionNode = FALSE
	EndGlobalSection
	GlobalSection(ExtensibilityGlobals) = postSolution
		SolutionGuid = {A5C80EFB-F435-4069-AB79-5FE116FDF156}
	EndGlobalSection
EndGlobal
